
Microsoft Visual Studio Solution File, Format Version 12.00
# Visual Studio Express 15 for Windows Desktop
VisualStudioVersion = 15.0.34526.175
MinimumVisualStudioVersion = 10.0.40219.1
Project("{8BC9CEB8-8B4A-11D0-8D11-00A0C91BC942}") = "VSExpress", "VSExpress\VSExpress.vcxproj", "{C5A480D4-862A-434A-A8F3-532BBF6C4038}"
EndProject
Global
	GlobalSection(SolutionConfigurationPlatforms) = preSolution
		Debug|x64 = Debug|x64
		Debug|x86 = Debug|x86
		Release|x64 = Release|x64
		Release|x86 = Release|x86
	EndGlobalSection
	GlobalSection(ProjectConfigurationPlatforms) = postSolution
		{C5A480D4-862A-434A-A8F3-532BBF6C4038}.Debug|x64.ActiveCfg = Debug|x64
		{C5A480D4-862A-434A-A8F3-532BBF6C4038}.Debug|x64.Build.0 = Debug|x64
		{C5A480D4-862A-434A-A8F3-532BBF6C4038}.Debug|x86.ActiveCfg = Debug|Win32
		{C5A480D4-862A-434A-A8F3-532BBF6C4038}.Debug|x86.Build.0 = Debug|Win32
		{C5A480D4-862A-434A-A8F3-532BBF6C4038}.Release|x64.ActiveCfg = Release|x64
		{C5A480D4-862A-434A-A8F3-532BBF6C4038}.Release|x64.Build.0 = Release|x64
		{C5A480D4-862A-434A-A8F3-532BBF6C4038}.Release|x86.ActiveCfg = Release|Win32
		{C5A480D4-862A-434A-A8F3-532BBF6C4038}.Release|x86.Build.0 = Release|Win32
	EndGlobalSection
	GlobalSection(SolutionProperties) = preSolution
		HideSolutionNode = FALSE
	EndGlobalSection
	GlobalSection(ExtensibilityGlobals) = postSolution
		SolutionGuid = {87E94C9C-77FE-4181-AD88-DEA78BD8922D}
	EndGlobalSection
EndGlobal
